
Microsoft Visual Studio Solution File, Format Version 12.00
# Visual Studio Version 17
VisualStudioVersion = 17.0.31912.275
MinimumVisualStudioVersion = 10.0.40219.1
Project("{FAE04EC0-301F-11D3-BF4B-00C04F79EFBC}") = "Quic.NET", "Quic.NET\Quic.NET.csproj", "{1462AD74-A484-46AC-BDF7-954940FBBDB3}"
EndProject
Global
	GlobalSection(SolutionConfigurationPlatforms) = preSolution
		Debug|Any CPU = Debug|Any CPU
		Release|Any CPU = Release|Any CPU
	EndGlobalSection
	GlobalSection(ProjectConfigurationPlatforms) = postSolution
		{1462AD74-A484-46AC-BDF7-954940FBBDB3}.Debug|Any CPU.ActiveCfg = Debug|Any CPU
		{1462AD74-A484-46AC-BDF7-954940FBBDB3}.Debug|Any CPU.Build.0 = Debug|Any CPU
		{1462AD74-A484-46AC-BDF7-954940FBBDB3}.Release|Any CPU.ActiveCfg = Release|Any CPU
		{1462AD74-A484-46AC-BDF7-954940FBBDB3}.Release|Any CPU.Build.0 = Release|Any CPU
	EndGlobalSection
	GlobalSection(SolutionProperties) = preSolution
		HideSolutionNode = FALSE
	EndGlobalSection
	GlobalSection(ExtensibilityGlobals) = postSolution
		SolutionGuid = {CCA98D32-97F2-45E2-9151-68E2B0B3ADB2}
	EndGlobalSection
EndGlobal
